
Microsoft Visual Studio Solution File, Format Version 12.00
# Visual Studio Version 17
VisualStudioVersion = 17.10.35122.118
MinimumVisualStudioVersion = 10.0.40219.1
Project("{FAE04EC0-301F-11D3-BF4B-00C04F79EFBC}") = "PlaylistApp", "PlaylistApp.csproj", "{1D57B5EE-9722-4286-9CE0-034EA0EFADE9}"
EndProject
Global
	GlobalSection(SolutionConfigurationPlatforms) = preSolution
		Debug|Any CPU = Debug|Any CPU
		Release|Any CPU = Release|Any CPU
	EndGlobalSection
	GlobalSection(ProjectConfigurationPlatforms) = postSolution
		{1D57B5EE-9722-4286-9CE0-034EA0EFADE9}.Debug|Any CPU.ActiveCfg = Debug|Any CPU
		{1D57B5EE-9722-4286-9CE0-034EA0EFADE9}.Debug|Any CPU.Build.0 = Debug|Any CPU
		{1D57B5EE-9722-4286-9CE0-034EA0EFADE9}.Release|Any CPU.ActiveCfg = Release|Any CPU
		{1D57B5EE-9722-4286-9CE0-034EA0EFADE9}.Release|Any CPU.Build.0 = Release|Any CPU
	EndGlobalSection
	GlobalSection(SolutionProperties) = preSolution
		HideSolutionNode = FALSE
	EndGlobalSection
	GlobalSection(ExtensibilityGlobals) = postSolution
		SolutionGuid = {E64F380A-ED74-44E6-8D34-4C8E0FA13525}
	EndGlobalSection
EndGlobal
